# This file was autogenerated by Stack.
# You should not edit this file by hand.
# For more information, please see the documentation at:
#   https://docs.haskellstack.org/en/stable/lock_files

packages:
- completed:
    hackage: timing-convenience-0.1@sha256:7ff807a9a9e5596f2b18d45c5a01aefb91d4a98f6a1008d183b5c550f68f7cb7,2092
    pantry-tree:
      size: 469
      sha256: fbcb00f5b8a4f7b8fd94b034b7f507ffdd7579848de782ce60ad2b661dcb2b42
  original:
    hackage: timing-convenience-0.1@sha256:7ff807a9a9e5596f2b18d45c5a01aefb91d4a98f6a1008d183b5c550f68f7cb7,2092
- completed:
    hackage: daemons-0.3.0@sha256:356edaf06a8cf5e9f19685f9ce793ad6d2b6bce2e55379f6b2aff1b0c07a633f,3178
    pantry-tree:
      size: 918
      sha256: 26b1a5279be340c896edbc72baa6d95b071384b9bf7e19cd146025cf13d21769
  original:
    hackage: daemons-0.3.0@sha256:356edaf06a8cf5e9f19685f9ce793ad6d2b6bce2e55379f6b2aff1b0c07a633f,3178
- completed:
    name: odd-jobs
    version: 0.2.2
    git: https://github.com/saurabhnanda/odd-jobs.git
    pantry-tree:
      size: 2633
      sha256: 93e13e2334268fe8969662edffa3ec2d0f4979eb5d3d16a3d71302989e908fae
    commit: 33039f369959a3d98e1ed842583f5a10c06c13ae
  original:
    git: https://github.com/saurabhnanda/odd-jobs.git
    commit: 33039f369959a3d98e1ed842583f5a10c06c13ae
snapshots:
- completed:
    size: 491387
    url: https://raw.githubusercontent.com/commercialhaskell/stackage-snapshots/master/lts/15/6.yaml
    sha256: 8d81505a6de861e167a58534ab62330afb75bfa108735c7db1204f7ef2a39d79
  original: lts-15.6
